
Microsoft Visual Studio Solution File, Format Version 12.00
# Visual Studio Version 17
VisualStudioVersion = 17.2.32526.322
MinimumVisualStudioVersion = 10.0.40219.1
Project("{2150E333-8FDC-42A3-9474-1A3956D46DE8}") = "src", "src", "{448A39EE-C323-47B1-BC2F-E569C476C599}"
EndProject
Project("{2150E333-8FDC-42A3-9474-1A3956D46DE8}") = "test", "test", "{75EC0EA2-9350-4F20-BB22-A19BCEE4A08D}"
EndProject
Project("{9A19103F-16F7-4668-BE54-9A1E7A4F7556}") = "Alyio.Extensions.Configuration.EntityFrameworkCore", "src\Alyio.Extensions.Configuration.EntityFrameworkCore\Alyio.Extensions.Configuration.EntityFrameworkCore.csproj", "{F8B18C8C-E5A4-4B89-AAFC-21DC895A57F6}"
EndProject
Project("{9A19103F-16F7-4668-BE54-9A1E7A4F7556}") = "Alyio.Extensions.Configuration.EntityFrameworkCore.Tests", "test\Alyio.Extensions.Configuration.EntityFrameworkCore.Tests\Alyio.Extensions.Configuration.EntityFrameworkCore.Tests.csproj", "{16DCD6FC-100B-49B6-8FD0-8B418952E5AD}"
EndProject
Project("{2150E333-8FDC-42A3-9474-1A3956D46DE8}") = "Samples", "Samples", "{410E8991-6E94-4940-92B0-DDD0C0564CE2}"
EndProject
Project("{FAE04EC0-301F-11D3-BF4B-00C04F79EFBC}") = "SampleApp", "test\Samples\SampleApp\SampleApp.csproj", "{7BEA3DF6-7AC6-47F1-9C16-BED9CFC8A506}"
EndProject
Global
	GlobalSection(SolutionConfigurationPlatforms) = preSolution
		Debug|Any CPU = Debug|Any CPU
		Release|Any CPU = Release|Any CPU
	EndGlobalSection
	GlobalSection(ProjectConfigurationPlatforms) = postSolution
		{F8B18C8C-E5A4-4B89-AAFC-21DC895A57F6}.Debug|Any CPU.ActiveCfg = Debug|Any CPU
		{F8B18C8C-E5A4-4B89-AAFC-21DC895A57F6}.Debug|Any CPU.Build.0 = Debug|Any CPU
		{F8B18C8C-E5A4-4B89-AAFC-21DC895A57F6}.Release|Any CPU.ActiveCfg = Release|Any CPU
		{F8B18C8C-E5A4-4B89-AAFC-21DC895A57F6}.Release|Any CPU.Build.0 = Release|Any CPU
		{16DCD6FC-100B-49B6-8FD0-8B418952E5AD}.Debug|Any CPU.ActiveCfg = Debug|Any CPU
		{16DCD6FC-100B-49B6-8FD0-8B418952E5AD}.Debug|Any CPU.Build.0 = Debug|Any CPU
		{16DCD6FC-100B-49B6-8FD0-8B418952E5AD}.Release|Any CPU.ActiveCfg = Release|Any CPU
		{16DCD6FC-100B-49B6-8FD0-8B418952E5AD}.Release|Any CPU.Build.0 = Release|Any CPU
		{7BEA3DF6-7AC6-47F1-9C16-BED9CFC8A506}.Debug|Any CPU.ActiveCfg = Debug|Any CPU
		{7BEA3DF6-7AC6-47F1-9C16-BED9CFC8A506}.Debug|Any CPU.Build.0 = Debug|Any CPU
		{7BEA3DF6-7AC6-47F1-9C16-BED9CFC8A506}.Release|Any CPU.ActiveCfg = Release|Any CPU
		{7BEA3DF6-7AC6-47F1-9C16-BED9CFC8A506}.Release|Any CPU.Build.0 = Release|Any CPU
	EndGlobalSection
	GlobalSection(SolutionProperties) = preSolution
		HideSolutionNode = FALSE
	EndGlobalSection
	GlobalSection(NestedProjects) = preSolution
		{F8B18C8C-E5A4-4B89-AAFC-21DC895A57F6} = {448A39EE-C323-47B1-BC2F-E569C476C599}
		{16DCD6FC-100B-49B6-8FD0-8B418952E5AD} = {75EC0EA2-9350-4F20-BB22-A19BCEE4A08D}
		{410E8991-6E94-4940-92B0-DDD0C0564CE2} = {75EC0EA2-9350-4F20-BB22-A19BCEE4A08D}
		{7BEA3DF6-7AC6-47F1-9C16-BED9CFC8A506} = {410E8991-6E94-4940-92B0-DDD0C0564CE2}
	EndGlobalSection
	GlobalSection(ExtensibilityGlobals) = postSolution
		SolutionGuid = {4E6B7D72-5C64-415A-BB56-A3869E16C755}
	EndGlobalSection
EndGlobal
